// !$*UTF8*$!
{
	archiveVersion = 1;
	classes = {
	};
	objectVersion = 46;
	objects = {

/* Begin PBXBuildFile section */
		75052ACA21381C510063AE05 /* Firebase.swift in Sources */ = {isa = PBXBuildFile; fileRef = 75052AC821381C510063AE05 /* Firebase.swift */; };
		75052ACD213833AE0063AE05 /* APIManager+Errors.swift in Sources */ = {isa = PBXBuildFile; fileRef = 75052ACB213833AE0063AE05 /* APIManager+Errors.swift */; };
		750F9D3A21A1732200919626 /* PageControl.swift in Sources */ = {isa = PBXBuildFile; fileRef = 750F9D3921A1732200919626 /* PageControl.swift */; };
		750F9D3C21A1735700919626 /* Color.swift in Sources */ = {isa = PBXBuildFile; fileRef = 750F9D3B21A1735700919626 /* Color.swift */; };
		752DB99E21A0BF0D00286042 /* Map.swift in Sources */ = {isa = PBXBuildFile; fileRef = 752DB99C21A0BF0D00286042 /* Map.swift */; };
		752DB9A121A0CF0C00286042 /* UserLocationDataSource.swift in Sources */ = {isa = PBXBuildFile; fileRef = 752DB99F21A0CF0C00286042 /* UserLocationDataSource.swift */; };
		752DB9A421A0D5C500286042 /* CLLocationManager.swift in Sources */ = {isa = PBXBuildFile; fileRef = 752DB9A221A0D5C500286042 /* CLLocationManager.swift */; };
		752DB9A721A0E3B400286042 /* API.swift in Sources */ = {isa = PBXBuildFile; fileRef = 752DB9A521A0E3B400286042 /* API.swift */; };
		752DB9AA21A0E3E500286042 /* ExternalLink.swift in Sources */ = {isa = PBXBuildFile; fileRef = 752DB9A821A0E3E500286042 /* ExternalLink.swift */; };
		754A25332132CA8B00B3B083 /* Log.swift in Sources */ = {isa = PBXBuildFile; fileRef = 754A25312132CA8B00B3B083 /* Log.swift */; };
		754A25422132CC7300B3B083 /* Localization.swift in Sources */ = {isa = PBXBuildFile; fileRef = 754A25402132CC7300B3B083 /* Localization.swift */; };
		755DB8D9213C207B0092756E /* RouteManager.swift in Sources */ = {isa = PBXBuildFile; fileRef = 755DB8D7213C207B0092756E /* RouteManager.swift */; };
		755DB8DC213C5C390092756E /* StoreKit.framework in Frameworks */ = {isa = PBXBuildFile; fileRef = 755DB8DB213C5C390092756E /* StoreKit.framework */; };
		757F31631DBE5E16002BB03F /* GoogleService-Info.plist in Resources */ = {isa = PBXBuildFile; fileRef = 757F31611DBE5E16002BB03F /* GoogleService-Info.plist */; };
		757F31661DBE5F14002BB03F /* Analytics.swift in Sources */ = {isa = PBXBuildFile; fileRef = 757F31641DBE5F14002BB03F /* Analytics.swift */; };
		757F31691DBE5FDC002BB03F /* AdSupport.framework in Frameworks */ = {isa = PBXBuildFile; fileRef = 757F31671DBE5FD4002BB03F /* AdSupport.framework */; };
		758E10371DBD92D000D872BC /* Route.swift in Sources */ = {isa = PBXBuildFile; fileRef = 75805BC31DAF5B7E00DACFF5 /* Route.swift */; };
		758E10391DBD92D000D872BC /* APIManager.swift in Sources */ = {isa = PBXBuildFile; fileRef = 75640BEF1DAF19FB002B4A56 /* APIManager.swift */; };
		758E103C1DBD92D000D872BC /* Appirater.swift in Sources */ = {isa = PBXBuildFile; fileRef = 75640BF01DAF19FB002B4A56 /* Appirater.swift */; };
		758E103D1DBD92D000D872BC /* Reachability.swift in Sources */ = {isa = PBXBuildFile; fileRef = 75640BF11DAF19FB002B4A56 /* Reachability.swift */; };
		758E104E1DBD92D000D872BC /* Settings.bundle in Resources */ = {isa = PBXBuildFile; fileRef = 75640BEC1DAF19C5002B4A56 /* Settings.bundle */; };
		758E10501DBD92D000D872BC /* Assets.xcassets in Resources */ = {isa = PBXBuildFile; fileRef = 75513BDF1DB019C600957F40 /* Assets.xcassets */; };
		758E10511DBD92D000D872BC /* Localizable.strings in Resources */ = {isa = PBXBuildFile; fileRef = 75C5E9571DBD673700FCE9D0 /* Localizable.strings */; };
		75B41C5721343D8500588CE8 /* Configuration.plist in Resources */ = {isa = PBXBuildFile; fileRef = 75B41C5521343D8500588CE8 /* Configuration.plist */; };
		75BE186421A0B1EA008F2DC4 /* Location.swift in Sources */ = {isa = PBXBuildFile; fileRef = 75BE186221A0B1EA008F2DC4 /* Location.swift */; };
		75BE187421A0B7CF008F2DC4 /* URLComponents.swift in Sources */ = {isa = PBXBuildFile; fileRef = 75BE186C21A0B7CF008F2DC4 /* URLComponents.swift */; };
		75BE187621A0B7CF008F2DC4 /* UIView.swift in Sources */ = {isa = PBXBuildFile; fileRef = 75BE186D21A0B7CF008F2DC4 /* UIView.swift */; };
		75BE187821A0B7CF008F2DC4 /* MKMapView.swift in Sources */ = {isa = PBXBuildFile; fileRef = 75BE186E21A0B7CF008F2DC4 /* MKMapView.swift */; };
		75BE187A21A0B7CF008F2DC4 /* Array.swift in Sources */ = {isa = PBXBuildFile; fileRef = 75BE186F21A0B7CF008F2DC4 /* Array.swift */; };
		75BE187C21A0B7CF008F2DC4 /* UIColor.swift in Sources */ = {isa = PBXBuildFile; fileRef = 75BE187021A0B7CF008F2DC4 /* UIColor.swift */; };
		75BE187E21A0B7CF008F2DC4 /* UIAlertController.swift in Sources */ = {isa = PBXBuildFile; fileRef = 75BE187121A0B7CF008F2DC4 /* UIAlertController.swift */; };
		75BE188021A0B7CF008F2DC4 /* NSError.swift in Sources */ = {isa = PBXBuildFile; fileRef = 75BE187221A0B7CF008F2DC4 /* NSError.swift */; };
		75BE18BE21A0B858008F2DC4 /* Storyboard.swift in Sources */ = {isa = PBXBuildFile; fileRef = 75BE188221A0B858008F2DC4 /* Storyboard.swift */; };
		75BE18C021A0B858008F2DC4 /* SettingsViewController.swift in Sources */ = {isa = PBXBuildFile; fileRef = 75BE188421A0B858008F2DC4 /* SettingsViewController.swift */; };
		75BE18C221A0B858008F2DC4 /* FooterView.swift in Sources */ = {isa = PBXBuildFile; fileRef = 75BE188621A0B858008F2DC4 /* FooterView.swift */; };
		75BE18C621A0B858008F2DC4 /* AppCoordinator.swift in Sources */ = {isa = PBXBuildFile; fileRef = 75BE188921A0B858008F2DC4 /* AppCoordinator.swift */; };
		75BE18C821A0B858008F2DC4 /* AppCoordinatorViewController.swift in Sources */ = {isa = PBXBuildFile; fileRef = 75BE188A21A0B858008F2DC4 /* AppCoordinatorViewController.swift */; };
		75BE18CA21A0B858008F2DC4 /* ContentViewDelegate.swift in Sources */ = {isa = PBXBuildFile; fileRef = 75BE188B21A0B858008F2DC4 /* ContentViewDelegate.swift */; };
		75BE18CC21A0B858008F2DC4 /* AppCoordinatorContainer.swift in Sources */ = {isa = PBXBuildFile; fileRef = 75BE188C21A0B858008F2DC4 /* AppCoordinatorContainer.swift */; };
		75BE18CE21A0B858008F2DC4 /* SearchResultCoordinator.swift in Sources */ = {isa = PBXBuildFile; fileRef = 75BE188D21A0B858008F2DC4 /* SearchResultCoordinator.swift */; };
		75BE18D021A0B858008F2DC4 /* ContentView.swift in Sources */ = {isa = PBXBuildFile; fileRef = 75BE188E21A0B858008F2DC4 /* ContentView.swift */; };
		75BE18D221A0B858008F2DC4 /* Coordinator.swift in Sources */ = {isa = PBXBuildFile; fileRef = 75BE188F21A0B858008F2DC4 /* Coordinator.swift */; };
		75BE18D421A0B858008F2DC4 /* MapContainedElement.swift in Sources */ = {isa = PBXBuildFile; fileRef = 75BE189221A0B858008F2DC4 /* MapContainedElement.swift */; };
		75BE18D621A0B858008F2DC4 /* PinLocationViewController.swift in Sources */ = {isa = PBXBuildFile; fileRef = 75BE189421A0B858008F2DC4 /* PinLocationViewController.swift */; };
		75BE18D821A0B858008F2DC4 /* PinLocationContainer.swift in Sources */ = {isa = PBXBuildFile; fileRef = 75BE189521A0B858008F2DC4 /* PinLocationContainer.swift */; };
		75BE18DA21A0B858008F2DC4 /* AddressView.swift in Sources */ = {isa = PBXBuildFile; fileRef = 75BE189721A0B858008F2DC4 /* AddressView.swift */; };
		75BE18DC21A0B858008F2DC4 /* AddressViewController.swift in Sources */ = {isa = PBXBuildFile; fileRef = 75BE189821A0B858008F2DC4 /* AddressViewController.swift */; };
		75BE18DE21A0B858008F2DC4 /* AddressViewContainer.swift in Sources */ = {isa = PBXBuildFile; fileRef = 75BE189921A0B858008F2DC4 /* AddressViewContainer.swift */; };
		75BE18E021A0B858008F2DC4 /* HUDContainer.swift in Sources */ = {isa = PBXBuildFile; fileRef = 75BE189B21A0B858008F2DC4 /* HUDContainer.swift */; };
		75BE18E221A0B858008F2DC4 /* MapViewContainer.swift in Sources */ = {isa = PBXBuildFile; fileRef = 75BE189C21A0B858008F2DC4 /* MapViewContainer.swift */; };
		75BE18E421A0B858008F2DC4 /* MapView.swift in Sources */ = {isa = PBXBuildFile; fileRef = 75BE189D21A0B858008F2DC4 /* MapView.swift */; };
		75BE18E621A0B858008F2DC4 /* MapCircle.swift in Sources */ = {isa = PBXBuildFile; fileRef = 75BE189F21A0B858008F2DC4 /* MapCircle.swift */; };
		75BE18E821A0B858008F2DC4 /* StartAnnotation.swift in Sources */ = {isa = PBXBuildFile; fileRef = 75BE18A121A0B858008F2DC4 /* StartAnnotation.swift */; };
		75BE18EA21A0B858008F2DC4 /* DestinationAnnotation.swift in Sources */ = {isa = PBXBuildFile; fileRef = 75BE18A221A0B858008F2DC4 /* DestinationAnnotation.swift */; };
		75BE18EC21A0B858008F2DC4 /* Annotation.swift in Sources */ = {isa = PBXBuildFile; fileRef = 75BE18A321A0B858008F2DC4 /* Annotation.swift */; };
		75BE18EE21A0B858008F2DC4 /* MapContainerViewController.swift in Sources */ = {isa = PBXBuildFile; fileRef = 75BE18A421A0B858008F2DC4 /* MapContainerViewController.swift */; };
		75BE18F021A0B858008F2DC4 /* MapActionDelegate.swift in Sources */ = {isa = PBXBuildFile; fileRef = 75BE18A521A0B858008F2DC4 /* MapActionDelegate.swift */; };
		75BE18F221A0B858008F2DC4 /* ButtonState.swift in Sources */ = {isa = PBXBuildFile; fileRef = 75BE18A721A0B858008F2DC4 /* ButtonState.swift */; };
		75BE18F421A0B858008F2DC4 /* UserLocationButton.swift in Sources */ = {isa = PBXBuildFile; fileRef = 75BE18A821A0B858008F2DC4 /* UserLocationButton.swift */; };
		75BE18F621A0B858008F2DC4 /* MapContainerView.swift in Sources */ = {isa = PBXBuildFile; fileRef = 75BE18A921A0B858008F2DC4 /* MapContainerView.swift */; };
		75BE18F821A0B858008F2DC4 /* MapContainer.swift in Sources */ = {isa = PBXBuildFile; fileRef = 75BE18AA21A0B858008F2DC4 /* MapContainer.swift */; };
		75BE18FA21A0B858008F2DC4 /* AppDelegate.swift in Sources */ = {isa = PBXBuildFile; fileRef = 75BE18AB21A0B858008F2DC4 /* AppDelegate.swift */; };
		75BE18FC21A0B858008F2DC4 /* RouteDetailPage.swift in Sources */ = {isa = PBXBuildFile; fileRef = 75BE18AE21A0B858008F2DC4 /* RouteDetailPage.swift */; };
		75BE18FE21A0B858008F2DC4 /* RouteDetailViewController.swift in Sources */ = {isa = PBXBuildFile; fileRef = 75BE18AF21A0B858008F2DC4 /* RouteDetailViewController.swift */; };
		75BE190021A0B858008F2DC4 /* RoutesContainerView.swift in Sources */ = {isa = PBXBuildFile; fileRef = 75BE18B021A0B858008F2DC4 /* RoutesContainerView.swift */; };
		75BE190221A0B858008F2DC4 /* RoutePageControlView.swift in Sources */ = {isa = PBXBuildFile; fileRef = 75BE18B221A0B858008F2DC4 /* RoutePageControlView.swift */; };
		75BE190421A0B858008F2DC4 /* RoutePageControl.swift in Sources */ = {isa = PBXBuildFile; fileRef = 75BE18B321A0B858008F2DC4 /* RoutePageControl.swift */; };
		75BE190621A0B858008F2DC4 /* RoutePageViewController.swift in Sources */ = {isa = PBXBuildFile; fileRef = 75BE18B521A0B858008F2DC4 /* RoutePageViewController.swift */; };
		75BE190821A0B858008F2DC4 /* RoutePageController.swift in Sources */ = {isa = PBXBuildFile; fileRef = 75BE18B621A0B858008F2DC4 /* RoutePageController.swift */; };
		75BE190A21A0B858008F2DC4 /* RoutePageControllerDataSource.swift in Sources */ = {isa = PBXBuildFile; fileRef = 75BE18B721A0B858008F2DC4 /* RoutePageControllerDataSource.swift */; };
		75BE190C21A0B858008F2DC4 /* RoutePageControllerHandler.swift in Sources */ = {isa = PBXBuildFile; fileRef = 75BE18B821A0B858008F2DC4 /* RoutePageControllerHandler.swift */; };
		75BE190E21A0B858008F2DC4 /* RoutePageControllerDelegate.swift in Sources */ = {isa = PBXBuildFile; fileRef = 75BE18B921A0B858008F2DC4 /* RoutePageControllerDelegate.swift */; };
		75BE191021A0B858008F2DC4 /* RoutesContainer.swift in Sources */ = {isa = PBXBuildFile; fileRef = 75BE18BA21A0B858008F2DC4 /* RoutesContainer.swift */; };
		75BE191221A0B858008F2DC4 /* RoutesViewController.swift in Sources */ = {isa = PBXBuildFile; fileRef = 75BE18BB21A0B858008F2DC4 /* RoutesViewController.swift */; };
		75BE191421A0B858008F2DC4 /* Configuration.swift in Sources */ = {isa = PBXBuildFile; fileRef = 75BE18BC21A0B858008F2DC4 /* Configuration.swift */; };
		75BE191721A0BA5D008F2DC4 /* UserLocationContainer.swift in Sources */ = {isa = PBXBuildFile; fileRef = 75BE191521A0BA5D008F2DC4 /* UserLocationContainer.swift */; };
		75BE191A21A0BA94008F2DC4 /* UserLocationViewController.swift in Sources */ = {isa = PBXBuildFile; fileRef = 75BE191821A0BA94008F2DC4 /* UserLocationViewController.swift */; };
		75C0E645218E15A900C988C5 /* RouteManagerDataSource.swift in Sources */ = {isa = PBXBuildFile; fileRef = 75C0E643218E15A900C988C5 /* RouteManagerDataSource.swift */; };
		75C0E648218E263900C988C5 /* RouteManagerDelegate.swift in Sources */ = {isa = PBXBuildFile; fileRef = 75C0E646218E263900C988C5 /* RouteManagerDelegate.swift */; };
		75C812022196CDD2009BAD79 /* Footer.storyboard in Resources */ = {isa = PBXBuildFile; fileRef = 75C811FB2196CDD2009BAD79 /* Footer.storyboard */; };
		75C812042196CDD2009BAD79 /* Settings.storyboard in Resources */ = {isa = PBXBuildFile; fileRef = 75C811FC2196CDD2009BAD79 /* Settings.storyboard */; };
		75C812062196CDD2009BAD79 /* App.storyboard in Resources */ = {isa = PBXBuildFile; fileRef = 75C811FD2196CDD2009BAD79 /* App.storyboard */; };
		75C812082196CDD2009BAD79 /* Map.storyboard in Resources */ = {isa = PBXBuildFile; fileRef = 75C811FE2196CDD2009BAD79 /* Map.storyboard */; };
		75C8120A2196CDD2009BAD79 /* Routes.storyboard in Resources */ = {isa = PBXBuildFile; fileRef = 75C811FF2196CDD2009BAD79 /* Routes.storyboard */; };
		75C8120C2196CDD2009BAD79 /* LaunchScreen.storyboard in Resources */ = {isa = PBXBuildFile; fileRef = 75C812002196CDD2009BAD79 /* LaunchScreen.storyboard */; };
		75F7DE8721A1D7E300B1AE6B /* HUDView.swift in Sources */ = {isa = PBXBuildFile; fileRef = 75F7DE8621A1D7E300B1AE6B /* HUDView.swift */; };
		75F7DE8A21A1DDF100B1AE6B /* HUD.swift in Sources */ = {isa = PBXBuildFile; fileRef = 75F7DE8921A1DDF100B1AE6B /* HUD.swift */; };
		9552F5CFA445C643C39142C2 /* Pods_BusMedellin.framework in Frameworks */ = {isa = PBXBuildFile; fileRef = F9338684B5BA91C70C2AF54F /* Pods_BusMedellin.framework */; };
/* End PBXBuildFile section */

/* Begin PBXFileReference section */
		0669351D7212F380D200E0BA /* Pods_BusMedellin_Alpha_AdHoc.framework */ = {isa = PBXFileReference; explicitFileType = wrapper.framework; includeInIndex = 0; path = Pods_BusMedellin_Alpha_AdHoc.framework; sourceTree = BUILT_PRODUCTS_DIR; };
		14962F37B68363BBD1DB2412 /* Pods-BusMedellin.debug.xcconfig */ = {isa = PBXFileReference; includeInIndex = 1; lastKnownFileType = text.xcconfig; name = "Pods-BusMedellin.debug.xcconfig"; path = "Pods/Target Support Files/Pods-BusMedellin/Pods-BusMedellin.debug.xcconfig"; sourceTree = "<group>"; };
		4301C8C80BE111EDA26F55FC /* Pods_BusMedellin_Live_AppStore.framework */ = {isa = PBXFileReference; explicitFileType = wrapper.framework; includeInIndex = 0; path = Pods_BusMedellin_Live_AppStore.framework; sourceTree = BUILT_PRODUCTS_DIR; };
		75052AC821381C510063AE05 /* Firebase.swift */ = {isa = PBXFileReference; lastKnownFileType = sourcecode.swift; path = Firebase.swift; sourceTree = "<group>"; };
		75052ACB213833AE0063AE05 /* APIManager+Errors.swift */ = {isa = PBXFileReference; lastKnownFileType = sourcecode.swift; path = "APIManager+Errors.swift"; sourceTree = "<group>"; };
		750F9D3921A1732200919626 /* PageControl.swift */ = {isa = PBXFileReference; lastKnownFileType = sourcecode.swift; path = PageControl.swift; sourceTree = "<group>"; };
		750F9D3B21A1735700919626 /* Color.swift */ = {isa = PBXFileReference; lastKnownFileType = sourcecode.swift; path = Color.swift; sourceTree = "<group>"; };
		752DB99C21A0BF0D00286042 /* Map.swift */ = {isa = PBXFileReference; lastKnownFileType = sourcecode.swift; path = Map.swift; sourceTree = "<group>"; };
		752DB99F21A0CF0C00286042 /* UserLocationDataSource.swift */ = {isa = PBXFileReference; lastKnownFileType = sourcecode.swift; path = UserLocationDataSource.swift; sourceTree = "<group>"; };
		752DB9A221A0D5C500286042 /* CLLocationManager.swift */ = {isa = PBXFileReference; lastKnownFileType = sourcecode.swift; path = CLLocationManager.swift; sourceTree = "<group>"; };
		752DB9A521A0E3B400286042 /* API.swift */ = {isa = PBXFileReference; lastKnownFileType = sourcecode.swift; path = API.swift; sourceTree = "<group>"; };
		752DB9A821A0E3E500286042 /* ExternalLink.swift */ = {isa = PBXFileReference; lastKnownFileType = sourcecode.swift; path = ExternalLink.swift; sourceTree = "<group>"; };
		752DB9AB21A0EB5A00286042 /* Debug.xcconfig */ = {isa = PBXFileReference; lastKnownFileType = text.xcconfig; path = Debug.xcconfig; sourceTree = "<group>"; };
		752DB9AC21A0EBC000286042 /* Release.xcconfig */ = {isa = PBXFileReference; lastKnownFileType = text.xcconfig; path = Release.xcconfig; sourceTree = "<group>"; };
		754A25312132CA8B00B3B083 /* Log.swift */ = {isa = PBXFileReference; lastKnownFileType = sourcecode.swift; path = Log.swift; sourceTree = "<group>"; };
		754A25402132CC7300B3B083 /* Localization.swift */ = {isa = PBXFileReference; lastKnownFileType = sourcecode.swift; path = Localization.swift; sourceTree = "<group>"; };
		75513BDF1DB019C600957F40 /* Assets.xcassets */ = {isa = PBXFileReference; lastKnownFileType = folder.assetcatalog; name = Assets.xcassets; path = Resources/Assets.xcassets; sourceTree = "<group>"; };
		755DB8D7213C207B0092756E /* RouteManager.swift */ = {isa = PBXFileReference; lastKnownFileType = sourcecode.swift; path = RouteManager.swift; sourceTree = "<group>"; };
		755DB8DB213C5C390092756E /* StoreKit.framework */ = {isa = PBXFileReference; lastKnownFileType = wrapper.framework; name = StoreKit.framework; path = System/Library/Frameworks/StoreKit.framework; sourceTree = SDKROOT; };
		75640BEC1DAF19C5002B4A56 /* Settings.bundle */ = {isa = PBXFileReference; lastKnownFileType = "wrapper.plug-in"; name = Settings.bundle; path = Resources/Settings.bundle; sourceTree = "<group>"; };
		75640BEF1DAF19FB002B4A56 /* APIManager.swift */ = {isa = PBXFileReference; fileEncoding = 4; lastKnownFileType = sourcecode.swift; path = APIManager.swift; sourceTree = "<group>"; };
		75640BF01DAF19FB002B4A56 /* Appirater.swift */ = {isa = PBXFileReference; fileEncoding = 4; lastKnownFileType = sourcecode.swift; path = Appirater.swift; sourceTree = "<group>"; };
		75640BF11DAF19FB002B4A56 /* Reachability.swift */ = {isa = PBXFileReference; fileEncoding = 4; lastKnownFileType = sourcecode.swift; path = Reachability.swift; sourceTree = "<group>"; };
		75679F151DBE77AF0066DF0F /* iAd.framework */ = {isa = PBXFileReference; lastKnownFileType = wrapper.framework; name = iAd.framework; path = System/Library/Frameworks/iAd.framework; sourceTree = SDKROOT; };
		757F31611DBE5E16002BB03F /* GoogleService-Info.plist */ = {isa = PBXFileReference; fileEncoding = 4; lastKnownFileType = text.plist.xml; path = "GoogleService-Info.plist"; sourceTree = "<group>"; };
		757F31641DBE5F14002BB03F /* Analytics.swift */ = {isa = PBXFileReference; fileEncoding = 4; lastKnownFileType = sourcecode.swift; path = Analytics.swift; sourceTree = "<group>"; };
		757F31671DBE5FD4002BB03F /* AdSupport.framework */ = {isa = PBXFileReference; lastKnownFileType = wrapper.framework; name = AdSupport.framework; path = System/Library/Frameworks/AdSupport.framework; sourceTree = SDKROOT; };
		75805BC01DAF5B3A00DACFF5 /* medellin.gpx */ = {isa = PBXFileReference; fileEncoding = 4; lastKnownFileType = text.xml; name = medellin.gpx; path = Resources/medellin.gpx; sourceTree = "<group>"; };
		75805BC31DAF5B7E00DACFF5 /* Route.swift */ = {isa = PBXFileReference; fileEncoding = 4; lastKnownFileType = sourcecode.swift; name = Route.swift; path = Models/Route.swift; sourceTree = "<group>"; };
		758E10591DBD92D100D872BC /* BusMedellin.app */ = {isa = PBXFileReference; explicitFileType = wrapper.application; includeInIndex = 0; path = BusMedellin.app; sourceTree = BUILT_PRODUCTS_DIR; };
		758E105B1DBD930A00D872BC /* BusMedellin-Info.plist */ = {isa = PBXFileReference; lastKnownFileType = text.plist.xml; path = "BusMedellin-Info.plist"; sourceTree = "<group>"; };
		75B41C5521343D8500588CE8 /* Configuration.plist */ = {isa = PBXFileReference; lastKnownFileType = text.plist.xml; path = Configuration.plist; sourceTree = "<group>"; };
		75BE186221A0B1EA008F2DC4 /* Location.swift */ = {isa = PBXFileReference; fileEncoding = 4; lastKnownFileType = sourcecode.swift; name = Location.swift; path = Models/Location.swift; sourceTree = "<group>"; };
		75BE186C21A0B7CF008F2DC4 /* URLComponents.swift */ = {isa = PBXFileReference; fileEncoding = 4; lastKnownFileType = sourcecode.swift; path = URLComponents.swift; sourceTree = "<group>"; };
		75BE186D21A0B7CF008F2DC4 /* UIView.swift */ = {isa = PBXFileReference; fileEncoding = 4; lastKnownFileType = sourcecode.swift; path = UIView.swift; sourceTree = "<group>"; };
		75BE186E21A0B7CF008F2DC4 /* MKMapView.swift */ = {isa = PBXFileReference; fileEncoding = 4; lastKnownFileType = sourcecode.swift; path = MKMapView.swift; sourceTree = "<group>"; };
		75BE186F21A0B7CF008F2DC4 /* Array.swift */ = {isa = PBXFileReference; fileEncoding = 4; lastKnownFileType = sourcecode.swift; path = Array.swift; sourceTree = "<group>"; };
		75BE187021A0B7CF008F2DC4 /* UIColor.swift */ = {isa = PBXFileReference; fileEncoding = 4; lastKnownFileType = sourcecode.swift; path = UIColor.swift; sourceTree = "<group>"; };
		75BE187121A0B7CF008F2DC4 /* UIAlertController.swift */ = {isa = PBXFileReference; fileEncoding = 4; lastKnownFileType = sourcecode.swift; path = UIAlertController.swift; sourceTree = "<group>"; };
		75BE187221A0B7CF008F2DC4 /* NSError.swift */ = {isa = PBXFileReference; fileEncoding = 4; lastKnownFileType = sourcecode.swift; path = NSError.swift; sourceTree = "<group>"; };
		75BE188221A0B858008F2DC4 /* Storyboard.swift */ = {isa = PBXFileReference; fileEncoding = 4; lastKnownFileType = sourcecode.swift; path = Storyboard.swift; sourceTree = "<group>"; };
		75BE188421A0B858008F2DC4 /* SettingsViewController.swift */ = {isa = PBXFileReference; fileEncoding = 4; lastKnownFileType = sourcecode.swift; path = SettingsViewController.swift; sourceTree = "<group>"; };
		75BE188621A0B858008F2DC4 /* FooterView.swift */ = {isa = PBXFileReference; fileEncoding = 4; lastKnownFileType = sourcecode.swift; path = FooterView.swift; sourceTree = "<group>"; };
		75BE188921A0B858008F2DC4 /* AppCoordinator.swift */ = {isa = PBXFileReference; fileEncoding = 4; lastKnownFileType = sourcecode.swift; path = AppCoordinator.swift; sourceTree = "<group>"; };
		75BE188A21A0B858008F2DC4 /* AppCoordinatorViewController.swift */ = {isa = PBXFileReference; fileEncoding = 4; lastKnownFileType = sourcecode.swift; path = AppCoordinatorViewController.swift; sourceTree = "<group>"; };
		75BE188B21A0B858008F2DC4 /* ContentViewDelegate.swift */ = {isa = PBXFileReference; fileEncoding = 4; lastKnownFileType = sourcecode.swift; path = ContentViewDelegate.swift; sourceTree = "<group>"; };
		75BE188C21A0B858008F2DC4 /* AppCoordinatorContainer.swift */ = {isa = PBXFileReference; fileEncoding = 4; lastKnownFileType = sourcecode.swift; path = AppCoordinatorContainer.swift; sourceTree = "<group>"; };
		75BE188D21A0B858008F2DC4 /* SearchResultCoordinator.swift */ = {isa = PBXFileReference; fileEncoding = 4; lastKnownFileType = sourcecode.swift; path = SearchResultCoordinator.swift; sourceTree = "<group>"; };
		75BE188E21A0B858008F2DC4 /* ContentView.swift */ = {isa = PBXFileReference; fileEncoding = 4; lastKnownFileType = sourcecode.swift; path = ContentView.swift; sourceTree = "<group>"; };
		75BE188F21A0B858008F2DC4 /* Coordinator.swift */ = {isa = PBXFileReference; fileEncoding = 4; lastKnownFileType = sourcecode.swift; path = Coordinator.swift; sourceTree = "<group>"; };
		75BE189221A0B858008F2DC4 /* MapContainedElement.swift */ = {isa = PBXFileReference; fileEncoding = 4; lastKnownFileType = sourcecode.swift; path = MapContainedElement.swift; sourceTree = "<group>"; };
		75BE189421A0B858008F2DC4 /* PinLocationViewController.swift */ = {isa = PBXFileReference; fileEncoding = 4; lastKnownFileType = sourcecode.swift; path = PinLocationViewController.swift; sourceTree = "<group>"; };
		75BE189521A0B858008F2DC4 /* PinLocationContainer.swift */ = {isa = PBXFileReference; fileEncoding = 4; lastKnownFileType = sourcecode.swift; path = PinLocationContainer.swift; sourceTree = "<group>"; };
		75BE189721A0B858008F2DC4 /* AddressView.swift */ = {isa = PBXFileReference; fileEncoding = 4; lastKnownFileType = sourcecode.swift; path = AddressView.swift; sourceTree = "<group>"; };
		75BE189821A0B858008F2DC4 /* AddressViewController.swift */ = {isa = PBXFileReference; fileEncoding = 4; lastKnownFileType = sourcecode.swift; path = AddressViewController.swift; sourceTree = "<group>"; };
		75BE189921A0B858008F2DC4 /* AddressViewContainer.swift */ = {isa = PBXFileReference; fileEncoding = 4; lastKnownFileType = sourcecode.swift; path = AddressViewContainer.swift; sourceTree = "<group>"; };
		75BE189B21A0B858008F2DC4 /* HUDContainer.swift */ = {isa = PBXFileReference; fileEncoding = 4; lastKnownFileType = sourcecode.swift; path = HUDContainer.swift; sourceTree = "<group>"; };
		75BE189C21A0B858008F2DC4 /* MapViewContainer.swift */ = {isa = PBXFileReference; fileEncoding = 4; lastKnownFileType = sourcecode.swift; path = MapViewContainer.swift; sourceTree = "<group>"; };
		75BE189D21A0B858008F2DC4 /* MapView.swift */ = {isa = PBXFileReference; fileEncoding = 4; lastKnownFileType = sourcecode.swift; path = MapView.swift; sourceTree = "<group>"; };
		75BE189F21A0B858008F2DC4 /* MapCircle.swift */ = {isa = PBXFileReference; fileEncoding = 4; lastKnownFileType = sourcecode.swift; path = MapCircle.swift; sourceTree = "<group>"; };
		75BE18A121A0B858008F2DC4 /* StartAnnotation.swift */ = {isa = PBXFileReference; fileEncoding = 4; lastKnownFileType = sourcecode.swift; path = StartAnnotation.swift; sourceTree = "<group>"; };
		75BE18A221A0B858008F2DC4 /* DestinationAnnotation.swift */ = {isa = PBXFileReference; fileEncoding = 4; lastKnownFileType = sourcecode.swift; path = DestinationAnnotation.swift; sourceTree = "<group>"; };
		75BE18A321A0B858008F2DC4 /* Annotation.swift */ = {isa = PBXFileReference; fileEncoding = 4; lastKnownFileType = sourcecode.swift; path = Annotation.swift; sourceTree = "<group>"; };
		75BE18A421A0B858008F2DC4 /* MapContainerViewController.swift */ = {isa = PBXFileReference; fileEncoding = 4; lastKnownFileType = sourcecode.swift; path = MapContainerViewController.swift; sourceTree = "<group>"; };
		75BE18A521A0B858008F2DC4 /* MapActionDelegate.swift */ = {isa = PBXFileReference; fileEncoding = 4; lastKnownFileType = sourcecode.swift; path = MapActionDelegate.swift; sourceTree = "<group>"; };
		75BE18A721A0B858008F2DC4 /* ButtonState.swift */ = {isa = PBXFileReference; fileEncoding = 4; lastKnownFileType = sourcecode.swift; path = ButtonState.swift; sourceTree = "<group>"; };
		75BE18A821A0B858008F2DC4 /* UserLocationButton.swift */ = {isa = PBXFileReference; fileEncoding = 4; lastKnownFileType = sourcecode.swift; path = UserLocationButton.swift; sourceTree = "<group>"; };
		75BE18A921A0B858008F2DC4 /* MapContainerView.swift */ = {isa = PBXFileReference; fileEncoding = 4; lastKnownFileType = sourcecode.swift; path = MapContainerView.swift; sourceTree = "<group>"; };
		75BE18AA21A0B858008F2DC4 /* MapContainer.swift */ = {isa = PBXFileReference; fileEncoding = 4; lastKnownFileType = sourcecode.swift; path = MapContainer.swift; sourceTree = "<group>"; };
		75BE18AB21A0B858008F2DC4 /* AppDelegate.swift */ = {isa = PBXFileReference; fileEncoding = 4; lastKnownFileType = sourcecode.swift; path = AppDelegate.swift; sourceTree = "<group>"; };
		75BE18AE21A0B858008F2DC4 /* RouteDetailPage.swift */ = {isa = PBXFileReference; fileEncoding = 4; lastKnownFileType = sourcecode.swift; path = RouteDetailPage.swift; sourceTree = "<group>"; };
		75BE18AF21A0B858008F2DC4 /* RouteDetailViewController.swift */ = {isa = PBXFileReference; fileEncoding = 4; lastKnownFileType = sourcecode.swift; path = RouteDetailViewController.swift; sourceTree = "<group>"; };
		75BE18B021A0B858008F2DC4 /* RoutesContainerView.swift */ = {isa = PBXFileReference; fileEncoding = 4; lastKnownFileType = sourcecode.swift; path = RoutesContainerView.swift; sourceTree = "<group>"; };
		75BE18B221A0B858008F2DC4 /* RoutePageControlView.swift */ = {isa = PBXFileReference; fileEncoding = 4; lastKnownFileType = sourcecode.swift; path = RoutePageControlView.swift; sourceTree = "<group>"; };
		75BE18B321A0B858008F2DC4 /* RoutePageControl.swift */ = {isa = PBXFileReference; fileEncoding = 4; lastKnownFileType = sourcecode.swift; path = RoutePageControl.swift; sourceTree = "<group>"; };
		75BE18B521A0B858008F2DC4 /* RoutePageViewController.swift */ = {isa = PBXFileReference; fileEncoding = 4; lastKnownFileType = sourcecode.swift; path = RoutePageViewController.swift; sourceTree = "<group>"; };
		75BE18B621A0B858008F2DC4 /* RoutePageController.swift */ = {isa = PBXFileReference; fileEncoding = 4; lastKnownFileType = sourcecode.swift; path = RoutePageController.swift; sourceTree = "<group>"; };
		75BE18B721A0B858008F2DC4 /* RoutePageControllerDataSource.swift */ = {isa = PBXFileReference; fileEncoding = 4; lastKnownFileType = sourcecode.swift; path = RoutePageControllerDataSource.swift; sourceTree = "<group>"; };
		75BE18B821A0B858008F2DC4 /* RoutePageControllerHandler.swift */ = {isa = PBXFileReference; fileEncoding = 4; lastKnownFileType = sourcecode.swift; path = RoutePageControllerHandler.swift; sourceTree = "<group>"; };
		75BE18B921A0B858008F2DC4 /* RoutePageControllerDelegate.swift */ = {isa = PBXFileReference; fileEncoding = 4; lastKnownFileType = sourcecode.swift; path = RoutePageControllerDelegate.swift; sourceTree = "<group>"; };
		75BE18BA21A0B858008F2DC4 /* RoutesContainer.swift */ = {isa = PBXFileReference; fileEncoding = 4; lastKnownFileType = sourcecode.swift; path = RoutesContainer.swift; sourceTree = "<group>"; };
		75BE18BB21A0B858008F2DC4 /* RoutesViewController.swift */ = {isa = PBXFileReference; fileEncoding = 4; lastKnownFileType = sourcecode.swift; path = RoutesViewController.swift; sourceTree = "<group>"; };
		75BE18BC21A0B858008F2DC4 /* Configuration.swift */ = {isa = PBXFileReference; fileEncoding = 4; lastKnownFileType = sourcecode.swift; path = Configuration.swift; sourceTree = "<group>"; };
		75BE191521A0BA5D008F2DC4 /* UserLocationContainer.swift */ = {isa = PBXFileReference; lastKnownFileType = sourcecode.swift; path = UserLocationContainer.swift; sourceTree = "<group>"; };
		75BE191821A0BA94008F2DC4 /* UserLocationViewController.swift */ = {isa = PBXFileReference; lastKnownFileType = sourcecode.swift; path = UserLocationViewController.swift; sourceTree = "<group>"; };
		75C0E643218E15A900C988C5 /* RouteManagerDataSource.swift */ = {isa = PBXFileReference; lastKnownFileType = sourcecode.swift; path = RouteManagerDataSource.swift; sourceTree = "<group>"; };
		75C0E646218E263900C988C5 /* RouteManagerDelegate.swift */ = {isa = PBXFileReference; lastKnownFileType = sourcecode.swift; path = RouteManagerDelegate.swift; sourceTree = "<group>"; };
		75C5E9561DBD673700FCE9D0 /* Base */ = {isa = PBXFileReference; lastKnownFileType = text.plist.strings; name = Base; path = Base.lproj/Localizable.strings; sourceTree = "<group>"; };
		75C5E9591DBD675200FCE9D0 /* es */ = {isa = PBXFileReference; lastKnownFileType = text.plist.strings; name = es; path = es.lproj/Localizable.strings; sourceTree = "<group>"; };
		75C811FB2196CDD2009BAD79 /* Footer.storyboard */ = {isa = PBXFileReference; fileEncoding = 4; lastKnownFileType = file.storyboard; name = Footer.storyboard; path = Resources/Storyboards/Footer.storyboard; sourceTree = "<group>"; };
		75C811FC2196CDD2009BAD79 /* Settings.storyboard */ = {isa = PBXFileReference; fileEncoding = 4; lastKnownFileType = file.storyboard; name = Settings.storyboard; path = Resources/Storyboards/Settings.storyboard; sourceTree = "<group>"; };
		75C811FD2196CDD2009BAD79 /* App.storyboard */ = {isa = PBXFileReference; fileEncoding = 4; lastKnownFileType = file.storyboard; name = App.storyboard; path = Resources/Storyboards/App.storyboard; sourceTree = "<group>"; };
		75C811FE2196CDD2009BAD79 /* Map.storyboard */ = {isa = PBXFileReference; fileEncoding = 4; lastKnownFileType = file.storyboard; name = Map.storyboard; path = Resources/Storyboards/Map.storyboard; sourceTree = "<group>"; };
		75C811FF2196CDD2009BAD79 /* Routes.storyboard */ = {isa = PBXFileReference; fileEncoding = 4; lastKnownFileType = file.storyboard; name = Routes.storyboard; path = Resources/Storyboards/Routes.storyboard; sourceTree = "<group>"; };
		75C812002196CDD2009BAD79 /* LaunchScreen.storyboard */ = {isa = PBXFileReference; fileEncoding = 4; lastKnownFileType = file.storyboard; name = LaunchScreen.storyboard; path = Resources/Storyboards/LaunchScreen.storyboard; sourceTree = "<group>"; };
		75F7DE8621A1D7E300B1AE6B /* HUDView.swift */ = {isa = PBXFileReference; lastKnownFileType = sourcecode.swift; path = HUDView.swift; sourceTree = "<group>"; };
		75F7DE8921A1DDF100B1AE6B /* HUD.swift */ = {isa = PBXFileReference; lastKnownFileType = sourcecode.swift; path = HUD.swift; sourceTree = "<group>"; };
		EC1D87735014DA38EA85466A /* Pods-BusMedellin.release.xcconfig */ = {isa = PBXFileReference; includeInIndex = 1; lastKnownFileType = text.xcconfig; name = "Pods-BusMedellin.release.xcconfig"; path = "Pods/Target Support Files/Pods-BusMedellin/Pods-BusMedellin.release.xcconfig"; sourceTree = "<group>"; };
		F9338684B5BA91C70C2AF54F /* Pods_BusMedellin.framework */ = {isa = PBXFileReference; explicitFileType = wrapper.framework; includeInIndex = 0; path = Pods_BusMedellin.framework; sourceTree = BUILT_PRODUCTS_DIR; };
/* End PBXFileReference section */

/* Begin PBXFrameworksBuildPhase section */
		758E10481DBD92D000D872BC /* Frameworks */ = {
			isa = PBXFrameworksBuildPhase;
			buildActionMask = 2147483647;
			files = (
				755DB8DC213C5C390092756E /* StoreKit.framework in Frameworks */,
				757F31691DBE5FDC002BB03F /* AdSupport.framework in Frameworks */,
				9552F5CFA445C643C39142C2 /* Pods_BusMedellin.framework in Frameworks */,
			);
			runOnlyForDeploymentPostprocessing = 0;
		};
/* End PBXFrameworksBuildPhase section */

/* Begin PBXGroup section */
		7554E76D1DAF16E400F1178C = {
			isa = PBXGroup;
			children = (
				75BE188121A0B858008F2DC4 /* App */,
				75805BC21DAF5B6900DACFF5 /* Models */,
				755DB8DA213C208A0092756E /* Managers */,
				75640BF51DAF1A5F002B4A56 /* Configuration */,
				75640BEE1DAF19FB002B4A56 /* Helpers */,
				7554E78B1DAF18BE00F1178C /* Resources */,
				7554E7771DAF16E400F1178C /* Products */,
				D8AB5BF2B8EDA9E3FE522DE2 /* Pods */,
				AE0CB248D55F640D6BD12CEB /* Frameworks */,
			);
			sourceTree = "<group>";
		};
		7554E7771DAF16E400F1178C /* Products */ = {
			isa = PBXGroup;
			children = (
				758E10591DBD92D100D872BC /* BusMedellin.app */,
			);
			name = Products;
			sourceTree = "<group>";
		};
		7554E78B1DAF18BE00F1178C /* Resources */ = {
			isa = PBXGroup;
			children = (
				75C811FA2196CDB7009BAD79 /* Storyboards */,
				75513BDF1DB019C600957F40 /* Assets.xcassets */,
				75805BC01DAF5B3A00DACFF5 /* medellin.gpx */,
				75640BEC1DAF19C5002B4A56 /* Settings.bundle */,
				75C5E9571DBD673700FCE9D0 /* Localizable.strings */,
			);
			name = Resources;
			sourceTree = "<group>";
		};
		755DB8DA213C208A0092756E /* Managers */ = {
			isa = PBXGroup;
			children = (
				75BE186521A0B201008F2DC4 /* API */,
				75BE186621A0B207008F2DC4 /* Route */,
			);
			path = Managers;
			sourceTree = "<group>";
		};
		75640BEE1DAF19FB002B4A56 /* Helpers */ = {
			isa = PBXGroup;
			children = (
				75BE186B21A0B7CF008F2DC4 /* Extensions */,
				75640BF01DAF19FB002B4A56 /* Appirater.swift */,
				754A25312132CA8B00B3B083 /* Log.swift */,
				757F31641DBE5F14002BB03F /* Analytics.swift */,
				75052AC821381C510063AE05 /* Firebase.swift */,
				75640BF11DAF19FB002B4A56 /* Reachability.swift */,
				754A25402132CC7300B3B083 /* Localization.swift */,
				750F9D3B21A1735700919626 /* Color.swift */,
			);
			path = Helpers;
			sourceTree = "<group>";
		};
		75640BF51DAF1A5F002B4A56 /* Configuration */ = {
			isa = PBXGroup;
			children = (
				752DB9AB21A0EB5A00286042 /* Debug.xcconfig */,
				752DB9AC21A0EBC000286042 /* Release.xcconfig */,
				757F31611DBE5E16002BB03F /* GoogleService-Info.plist */,
				758E105B1DBD930A00D872BC /* BusMedellin-Info.plist */,
				75B41C5521343D8500588CE8 /* Configuration.plist */,
			);
			path = Configuration;
			sourceTree = "<group>";
		};
		75805BC21DAF5B6900DACFF5 /* Models */ = {
			isa = PBXGroup;
			children = (
				75805BC31DAF5B7E00DACFF5 /* Route.swift */,
				75BE186221A0B1EA008F2DC4 /* Location.swift */,
			);
			name = Models;
			sourceTree = "<group>";
		};
		75BE186521A0B201008F2DC4 /* API */ = {
			isa = PBXGroup;
			children = (
				75640BEF1DAF19FB002B4A56 /* APIManager.swift */,
				75052ACB213833AE0063AE05 /* APIManager+Errors.swift */,
				752DB9A521A0E3B400286042 /* API.swift */,
			);
			path = API;
			sourceTree = "<group>";
		};
		75BE186621A0B207008F2DC4 /* Route */ = {
			isa = PBXGroup;
			children = (
				75C0E643218E15A900C988C5 /* RouteManagerDataSource.swift */,
				75C0E646218E263900C988C5 /* RouteManagerDelegate.swift */,
				755DB8D7213C207B0092756E /* RouteManager.swift */,
			);
			path = Route;
			sourceTree = "<group>";
		};
		75BE186B21A0B7CF008F2DC4 /* Extensions */ = {
			isa = PBXGroup;
			children = (
				75BE186C21A0B7CF008F2DC4 /* URLComponents.swift */,
				75BE186D21A0B7CF008F2DC4 /* UIView.swift */,
				75BE186E21A0B7CF008F2DC4 /* MKMapView.swift */,
				75BE186F21A0B7CF008F2DC4 /* Array.swift */,
				75BE187021A0B7CF008F2DC4 /* UIColor.swift */,
				75BE187121A0B7CF008F2DC4 /* UIAlertController.swift */,
				75BE187221A0B7CF008F2DC4 /* NSError.swift */,
				752DB9A221A0D5C500286042 /* CLLocationManager.swift */,
			);
			path = Extensions;
			sourceTree = "<group>";
		};
		75BE188121A0B858008F2DC4 /* App */ = {
			isa = PBXGroup;
			children = (
				75BE188321A0B858008F2DC4 /* Settings */,
				75BE188521A0B858008F2DC4 /* Footer */,
				75BE188821A0B858008F2DC4 /* AppCoordinator */,
				75BE189121A0B858008F2DC4 /* Map */,
				75BE18AC21A0B858008F2DC4 /* Routes */,
				75BE18AB21A0B858008F2DC4 /* AppDelegate.swift */,
				75BE188221A0B858008F2DC4 /* Storyboard.swift */,
				75BE18BC21A0B858008F2DC4 /* Configuration.swift */,
			);
			path = App;
			sourceTree = "<group>";
		};
		75BE188321A0B858008F2DC4 /* Settings */ = {
			isa = PBXGroup;
			children = (
				75BE188421A0B858008F2DC4 /* SettingsViewController.swift */,
				752DB9A821A0E3E500286042 /* ExternalLink.swift */,
			);
			path = Settings;
			sourceTree = "<group>";
		};
		75BE188521A0B858008F2DC4 /* Footer */ = {
			isa = PBXGroup;
			children = (
				75BE188621A0B858008F2DC4 /* FooterView.swift */,
			);
			path = Footer;
			sourceTree = "<group>";
		};
		75BE188821A0B858008F2DC4 /* AppCoordinator */ = {
			isa = PBXGroup;
			children = (
				75BE188C21A0B858008F2DC4 /* AppCoordinatorContainer.swift */,
				75BE188D21A0B858008F2DC4 /* SearchResultCoordinator.swift */,
				75BE188F21A0B858008F2DC4 /* Coordinator.swift */,
				75BE188E21A0B858008F2DC4 /* ContentView.swift */,
				75BE188B21A0B858008F2DC4 /* ContentViewDelegate.swift */,
				75BE188921A0B858008F2DC4 /* AppCoordinator.swift */,
				75BE188A21A0B858008F2DC4 /* AppCoordinatorViewController.swift */,
			);
			path = AppCoordinator;
			sourceTree = "<group>";
		};
		75BE189121A0B858008F2DC4 /* Map */ = {
			isa = PBXGroup;
			children = (
				75BE189321A0B858008F2DC4 /* PinLocation */,
				75BE189621A0B858008F2DC4 /* AddressViews */,
				75BE189A21A0B858008F2DC4 /* MapView */,
				75BE18A621A0B858008F2DC4 /* UserLocation */,
				75BE18AA21A0B858008F2DC4 /* MapContainer.swift */,
				75BE18A921A0B858008F2DC4 /* MapContainerView.swift */,
				75BE18A421A0B858008F2DC4 /* MapContainerViewController.swift */,
				75BE189221A0B858008F2DC4 /* MapContainedElement.swift */,
				75BE18A521A0B858008F2DC4 /* MapActionDelegate.swift */,
				752DB99C21A0BF0D00286042 /* Map.swift */,
			);
			path = Map;
			sourceTree = "<group>";
		};
		75BE189321A0B858008F2DC4 /* PinLocation */ = {
			isa = PBXGroup;
			children = (
				75BE189421A0B858008F2DC4 /* PinLocationViewController.swift */,
				75BE189521A0B858008F2DC4 /* PinLocationContainer.swift */,
			);
			path = PinLocation;
			sourceTree = "<group>";
		};
		75BE189621A0B858008F2DC4 /* AddressViews */ = {
			isa = PBXGroup;
			children = (
				75BE189721A0B858008F2DC4 /* AddressView.swift */,
				75BE189821A0B858008F2DC4 /* AddressViewController.swift */,
				75BE189921A0B858008F2DC4 /* AddressViewContainer.swift */,
			);
			path = AddressViews;
			sourceTree = "<group>";
		};
		75BE189A21A0B858008F2DC4 /* MapView */ = {
			isa = PBXGroup;
			children = (
				75BE189C21A0B858008F2DC4 /* MapViewContainer.swift */,
				75BE189D21A0B858008F2DC4 /* MapView.swift */,
				75BE189E21A0B858008F2DC4 /* MapCircle */,
				75BE18A021A0B858008F2DC4 /* Annotation */,
				75F7DE8821A1D7E700B1AE6B /* HUD */,
			);
			path = MapView;
			sourceTree = "<group>";
		};
		75BE189E21A0B858008F2DC4 /* MapCircle */ = {
			isa = PBXGroup;
			children = (
				75BE189F21A0B858008F2DC4 /* MapCircle.swift */,
			);
			path = MapCircle;
			sourceTree = "<group>";
		};
		75BE18A021A0B858008F2DC4 /* Annotation */ = {
			isa = PBXGroup;
			children = (
				75BE18A121A0B858008F2DC4 /* StartAnnotation.swift */,
				75BE18A221A0B858008F2DC4 /* DestinationAnnotation.swift */,
				75BE18A321A0B858008F2DC4 /* Annotation.swift */,
			);
			path = Annotation;
			sourceTree = "<group>";
		};
		75BE18A621A0B858008F2DC4 /* UserLocation */ = {
			isa = PBXGroup;
			children = (
				75BE18A721A0B858008F2DC4 /* ButtonState.swift */,
				75BE18A821A0B858008F2DC4 /* UserLocationButton.swift */,
				75BE191521A0BA5D008F2DC4 /* UserLocationContainer.swift */,
				752DB99F21A0CF0C00286042 /* UserLocationDataSource.swift */,
				75BE191821A0BA94008F2DC4 /* UserLocationViewController.swift */,
			);
			path = UserLocation;
			sourceTree = "<group>";
		};
		75BE18AC21A0B858008F2DC4 /* Routes */ = {
			isa = PBXGroup;
			children = (
				75BE18AD21A0B858008F2DC4 /* RouteDetail */,
				75BE18B121A0B858008F2DC4 /* RoutePageControl */,
				75BE18B421A0B858008F2DC4 /* RoutePageController */,
				75BE18BA21A0B858008F2DC4 /* RoutesContainer.swift */,
				75BE18B021A0B858008F2DC4 /* RoutesContainerView.swift */,
				75BE18BB21A0B858008F2DC4 /* RoutesViewController.swift */,
			);
			path = Routes;
			sourceTree = "<group>";
		};
		75BE18AD21A0B858008F2DC4 /* RouteDetail */ = {
			isa = PBXGroup;
			children = (
				75BE18AE21A0B858008F2DC4 /* RouteDetailPage.swift */,
				75BE18AF21A0B858008F2DC4 /* RouteDetailViewController.swift */,
			);
			path = RouteDetail;
			sourceTree = "<group>";
		};
		75BE18B121A0B858008F2DC4 /* RoutePageControl */ = {
			isa = PBXGroup;
			children = (
				75BE18B221A0B858008F2DC4 /* RoutePageControlView.swift */,
				75BE18B321A0B858008F2DC4 /* RoutePageControl.swift */,
				750F9D3921A1732200919626 /* PageControl.swift */,
			);
			path = RoutePageControl;
			sourceTree = "<group>";
		};
		75BE18B421A0B858008F2DC4 /* RoutePageController */ = {
			isa = PBXGroup;
			children = (
				75BE18B521A0B858008F2DC4 /* RoutePageViewController.swift */,
				75BE18B621A0B858008F2DC4 /* RoutePageController.swift */,
				75BE18B721A0B858008F2DC4 /* RoutePageControllerDataSource.swift */,
				75BE18B821A0B858008F2DC4 /* RoutePageControllerHandler.swift */,
				75BE18B921A0B858008F2DC4 /* RoutePageControllerDelegate.swift */,
			);
			path = RoutePageController;
			sourceTree = "<group>";
		};
		75C811FA2196CDB7009BAD79 /* Storyboards */ = {
			isa = PBXGroup;
			children = (
				75C811FD2196CDD2009BAD79 /* App.storyboard */,
				75C811FB2196CDD2009BAD79 /* Footer.storyboard */,
				75C812002196CDD2009BAD79 /* LaunchScreen.storyboard */,
				75C811FE2196CDD2009BAD79 /* Map.storyboard */,
				75C811FF2196CDD2009BAD79 /* Routes.storyboard */,
				75C811FC2196CDD2009BAD79 /* Settings.storyboard */,
			);
			name = Storyboards;
			sourceTree = "<group>";
		};
		75F7DE8821A1D7E700B1AE6B /* HUD */ = {
			isa = PBXGroup;
			children = (
				75BE189B21A0B858008F2DC4 /* HUDContainer.swift */,
				75F7DE8621A1D7E300B1AE6B /* HUDView.swift */,
				75F7DE8921A1DDF100B1AE6B /* HUD.swift */,
			);
			name = HUD;
			path = "New Group";
			sourceTree = "<group>";
		};
		AE0CB248D55F640D6BD12CEB /* Frameworks */ = {
			isa = PBXGroup;
			children = (
				755DB8DB213C5C390092756E /* StoreKit.framework */,
				75679F151DBE77AF0066DF0F /* iAd.framework */,
				757F31671DBE5FD4002BB03F /* AdSupport.framework */,
				0669351D7212F380D200E0BA /* Pods_BusMedellin_Alpha_AdHoc.framework */,
				4301C8C80BE111EDA26F55FC /* Pods_BusMedellin_Live_AppStore.framework */,
				F9338684B5BA91C70C2AF54F /* Pods_BusMedellin.framework */,
			);
			name = Frameworks;
			sourceTree = "<group>";
		};
		D8AB5BF2B8EDA9E3FE522DE2 /* Pods */ = {
			isa = PBXGroup;
			children = (
				14962F37B68363BBD1DB2412 /* Pods-BusMedellin.debug.xcconfig */,
				EC1D87735014DA38EA85466A /* Pods-BusMedellin.release.xcconfig */,
			);
			name = Pods;
			sourceTree = "<group>";
		};
/* End PBXGroup section */

/* Begin PBXNativeTarget section */
		758E10331DBD92D000D872BC /* BusMedellin */ = {
			isa = PBXNativeTarget;
			buildConfigurationList = 758E10561DBD92D000D872BC /* Build configuration list for PBXNativeTarget "BusMedellin" */;
			buildPhases = (
				758E10341DBD92D000D872BC /* [CP] Check Pods Manifest.lock */,
				758E10351DBD92D000D872BC /* Sources */,
				758E10481DBD92D000D872BC /* Frameworks */,
				758E104A1DBD92D000D872BC /* Resources */,
				758E10531DBD92D000D872BC /* [CP] Embed Pods Frameworks */,
				758E10551DBD92D000D872BC /* Swiftlint */,
				75E8F9CC21A0F893000E3D4D /* Crashlytics */,
			);
			buildRules = (
			);
			dependencies = (
			);
			name = BusMedellin;
			productName = BusMedellin;
			productReference = 758E10591DBD92D100D872BC /* BusMedellin.app */;
			productType = "com.apple.product-type.application";
		};
/* End PBXNativeTarget section */

/* Begin PBXProject section */
		7554E76E1DAF16E400F1178C /* Project object */ = {
			isa = PBXProject;
			attributes = {
				LastSwiftUpdateCheck = 0730;
				LastUpgradeCheck = 1010;
				ORGANIZATIONNAME = "Kevin Delord";
				TargetAttributes = {
					758E10331DBD92D000D872BC = {
						DevelopmentTeam = QXY3J9PHW4;
						LastSwiftMigration = 1010;
					};
				};
			};
			buildConfigurationList = 7554E7711DAF16E400F1178C /* Build configuration list for PBXProject "BusMedellin" */;
			compatibilityVersion = "Xcode 3.2";
			developmentRegion = English;
			hasScannedForEncodings = 0;
			knownRegions = (
				en,
				Base,
				es,
			);
			mainGroup = 7554E76D1DAF16E400F1178C;
			productRefGroup = 7554E7771DAF16E400F1178C /* Products */;
			projectDirPath = "";
			projectRoot = "";
			targets = (
				758E10331DBD92D000D872BC /* BusMedellin */,
			);
		};
/* End PBXProject section */

/* Begin PBXResourcesBuildPhase section */
		758E104A1DBD92D000D872BC /* Resources */ = {
			isa = PBXResourcesBuildPhase;
			buildActionMask = 2147483647;
			files = (
				75B41C5721343D8500588CE8 /* Configuration.plist in Resources */,
				757F31631DBE5E16002BB03F /* GoogleService-Info.plist in Resources */,
				758E104E1DBD92D000D872BC /* Settings.bundle in Resources */,
				75C812022196CDD2009BAD79 /* Footer.storyboard in Resources */,
				758E10501DBD92D000D872BC /* Assets.xcassets in Resources */,
				75C812082196CDD2009BAD79 /* Map.storyboard in Resources */,
				75C8120A2196CDD2009BAD79 /* Routes.storyboard in Resources */,
				758E10511DBD92D000D872BC /* Localizable.strings in Resources */,
				75C812062196CDD2009BAD79 /* App.storyboard in Resources */,
				75C8120C2196CDD2009BAD79 /* LaunchScreen.storyboard in Resources */,
				75C812042196CDD2009BAD79 /* Settings.storyboard in Resources */,
			);
			runOnlyForDeploymentPostprocessing = 0;
		};
/* End PBXResourcesBuildPhase section */

/* Begin PBXShellScriptBuildPhase section */
		758E10341DBD92D000D872BC /* [CP] Check Pods Manifest.lock */ = {
			isa = PBXShellScriptBuildPhase;
			buildActionMask = 2147483647;
			files = (
			);
			inputPaths = (
				"${PODS_PODFILE_DIR_PATH}/Podfile.lock",
				"${PODS_ROOT}/Manifest.lock",
			);
			name = "[CP] Check Pods Manifest.lock";
			outputPaths = (
				"$(DERIVED_FILE_DIR)/Pods-BusMedellin-checkManifestLockResult.txt",
			);
			runOnlyForDeploymentPostprocessing = 0;
			shellPath = /bin/sh;
			shellScript = "diff \"${PODS_PODFILE_DIR_PATH}/Podfile.lock\" \"${PODS_ROOT}/Manifest.lock\" > /dev/null\nif [ $? != 0 ] ; then\n    # print error to STDERR\n    echo \"error: The sandbox is not in sync with the Podfile.lock. Run 'pod install' or update your CocoaPods installation.\" >&2\n    exit 1\nfi\n# This output is used by Xcode 'outputs' to avoid re-running this script phase.\necho \"SUCCESS\" > \"${SCRIPT_OUTPUT_FILE_0}\"\n";
			showEnvVarsInLog = 0;
		};
		758E10531DBD92D000D872BC /* [CP] Embed Pods Frameworks */ = {
			isa = PBXShellScriptBuildPhase;
			buildActionMask = 2147483647;
			files = (
			);
			inputPaths = (
				"${SRCROOT}/Pods/Target Support Files/Pods-BusMedellin/Pods-BusMedellin-frameworks.sh",
				"${BUILT_PRODUCTS_DIR}/Appirater/Appirater.framework",
				"${BUILT_PRODUCTS_DIR}/Buglife/Buglife.framework",
				"${BUILT_PRODUCTS_DIR}/GoogleUtilities/GoogleUtilities.framework",
				"${BUILT_PRODUCTS_DIR}/Reachability/Reachability.framework",
				"${BUILT_PRODUCTS_DIR}/nanopb/nanopb.framework",
			);
			name = "[CP] Embed Pods Frameworks";
			outputPaths = (
				"${TARGET_BUILD_DIR}/${FRAMEWORKS_FOLDER_PATH}/Appirater.framework",
				"${TARGET_BUILD_DIR}/${FRAMEWORKS_FOLDER_PATH}/Buglife.framework",
				"${TARGET_BUILD_DIR}/${FRAMEWORKS_FOLDER_PATH}/GoogleUtilities.framework",
				"${TARGET_BUILD_DIR}/${FRAMEWORKS_FOLDER_PATH}/Reachability.framework",
				"${TARGET_BUILD_DIR}/${FRAMEWORKS_FOLDER_PATH}/nanopb.framework",
			);
			runOnlyForDeploymentPostprocessing = 0;
			shellPath = /bin/sh;
			shellScript = "\"${SRCROOT}/Pods/Target Support Files/Pods-BusMedellin/Pods-BusMedellin-frameworks.sh\"\n";
			showEnvVarsInLog = 0;
		};
		758E10551DBD92D000D872BC /* Swiftlint */ = {
			isa = PBXShellScriptBuildPhase;
			buildActionMask = 2147483647;
			files = (
			);
			inputPaths = (
			);
			name = Swiftlint;
			outputPaths = (
			);
			runOnlyForDeploymentPostprocessing = 0;
			shellPath = /bin/sh;
			shellScript = "\"${PODS_ROOT}/SwiftLint/swiftlint\"\n";
			showEnvVarsInLog = 0;
		};
		75E8F9CC21A0F893000E3D4D /* Crashlytics */ = {
			isa = PBXShellScriptBuildPhase;
			buildActionMask = 2147483647;
			files = (
			);
			inputPaths = (
				"$(BUILT_PRODUCTS_DIR)/$(INFOPLIST_PATH)",
			);
			name = Crashlytics;
			outputPaths = (
			);
			runOnlyForDeploymentPostprocessing = 0;
			shellPath = /bin/sh;
			shellScript = "\"${PODS_ROOT}/Fabric/run\"\n";
		};
/* End PBXShellScriptBuildPhase section */

/* Begin PBXSourcesBuildPhase section */
		758E10351DBD92D000D872BC /* Sources */ = {
			isa = PBXSourcesBuildPhase;
			buildActionMask = 2147483647;
			files = (
				75BE18DC21A0B858008F2DC4 /* AddressViewController.swift in Sources */,
				752DB9A421A0D5C500286042 /* CLLocationManager.swift in Sources */,
				757F31661DBE5F14002BB03F /* Analytics.swift in Sources */,
				75BE18CA21A0B858008F2DC4 /* ContentViewDelegate.swift in Sources */,
				75BE18BE21A0B858008F2DC4 /* Storyboard.swift in Sources */,
				75BE190021A0B858008F2DC4 /* RoutesContainerView.swift in Sources */,
				75BE190A21A0B858008F2DC4 /* RoutePageControllerDataSource.swift in Sources */,
				75BE18C621A0B858008F2DC4 /* AppCoordinator.swift in Sources */,
				75BE18E221A0B858008F2DC4 /* MapViewContainer.swift in Sources */,
				75BE190821A0B858008F2DC4 /* RoutePageController.swift in Sources */,
				754A25422132CC7300B3B083 /* Localization.swift in Sources */,
				752DB9A121A0CF0C00286042 /* UserLocationDataSource.swift in Sources */,
				75BE18DA21A0B858008F2DC4 /* AddressView.swift in Sources */,
				75BE18FA21A0B858008F2DC4 /* AppDelegate.swift in Sources */,
				75BE18F821A0B858008F2DC4 /* MapContainer.swift in Sources */,
				75BE18D621A0B858008F2DC4 /* PinLocationViewController.swift in Sources */,
				758E10371DBD92D000D872BC /* Route.swift in Sources */,
				75BE18FE21A0B858008F2DC4 /* RouteDetailViewController.swift in Sources */,
				758E10391DBD92D000D872BC /* APIManager.swift in Sources */,
				75BE18EE21A0B858008F2DC4 /* MapContainerViewController.swift in Sources */,
				755DB8D9213C207B0092756E /* RouteManager.swift in Sources */,
				752DB9AA21A0E3E500286042 /* ExternalLink.swift in Sources */,
				75BE18E021A0B858008F2DC4 /* HUDContainer.swift in Sources */,
				75052ACA21381C510063AE05 /* Firebase.swift in Sources */,
				75BE187421A0B7CF008F2DC4 /* URLComponents.swift in Sources */,
				75BE18EC21A0B858008F2DC4 /* Annotation.swift in Sources */,
				75BE18F421A0B858008F2DC4 /* UserLocationButton.swift in Sources */,
				75BE18D021A0B858008F2DC4 /* ContentView.swift in Sources */,
				75BE18E421A0B858008F2DC4 /* MapView.swift in Sources */,
				75BE187C21A0B7CF008F2DC4 /* UIColor.swift in Sources */,
				75BE18DE21A0B858008F2DC4 /* AddressViewContainer.swift in Sources */,
				75BE18FC21A0B858008F2DC4 /* RouteDetailPage.swift in Sources */,
				75C0E645218E15A900C988C5 /* RouteManagerDataSource.swift in Sources */,
				75BE18C821A0B858008F2DC4 /* AppCoordinatorViewController.swift in Sources */,
				75BE18E821A0B858008F2DC4 /* StartAnnotation.swift in Sources */,
				75BE18D221A0B858008F2DC4 /* Coordinator.swift in Sources */,
				75BE187821A0B7CF008F2DC4 /* MKMapView.swift in Sources */,
				75BE18D821A0B858008F2DC4 /* PinLocationContainer.swift in Sources */,
				758E103C1DBD92D000D872BC /* Appirater.swift in Sources */,
				752DB99E21A0BF0D00286042 /* Map.swift in Sources */,
				758E103D1DBD92D000D872BC /* Reachability.swift in Sources */,
				75BE191721A0BA5D008F2DC4 /* UserLocationContainer.swift in Sources */,
				75BE190621A0B858008F2DC4 /* RoutePageViewController.swift in Sources */,
				75F7DE8A21A1DDF100B1AE6B /* HUD.swift in Sources */,
				75BE186421A0B1EA008F2DC4 /* Location.swift in Sources */,
				75BE18C021A0B858008F2DC4 /* SettingsViewController.swift in Sources */,
				75BE191021A0B858008F2DC4 /* RoutesContainer.swift in Sources */,
				75BE188021A0B7CF008F2DC4 /* NSError.swift in Sources */,
				75BE18F621A0B858008F2DC4 /* MapContainerView.swift in Sources */,
				75BE187621A0B7CF008F2DC4 /* UIView.swift in Sources */,
				75BE191421A0B858008F2DC4 /* Configuration.swift in Sources */,
				75BE18CC21A0B858008F2DC4 /* AppCoordinatorContainer.swift in Sources */,
				75BE18CE21A0B858008F2DC4 /* SearchResultCoordinator.swift in Sources */,
				75BE190E21A0B858008F2DC4 /* RoutePageControllerDelegate.swift in Sources */,
				750F9D3C21A1735700919626 /* Color.swift in Sources */,
				75BE18D421A0B858008F2DC4 /* MapContainedElement.swift in Sources */,
				75BE18F021A0B858008F2DC4 /* MapActionDelegate.swift in Sources */,
				75BE187E21A0B7CF008F2DC4 /* UIAlertController.swift in Sources */,
				75BE191A21A0BA94008F2DC4 /* UserLocationViewController.swift in Sources */,
				75F7DE8721A1D7E300B1AE6B /* HUDView.swift in Sources */,
				754A25332132CA8B00B3B083 /* Log.swift in Sources */,
				75BE190421A0B858008F2DC4 /* RoutePageControl.swift in Sources */,
				750F9D3A21A1732200919626 /* PageControl.swift in Sources */,
				75BE191221A0B858008F2DC4 /* RoutesViewController.swift in Sources */,
				752DB9A721A0E3B400286042 /* API.swift in Sources */,
				75BE18F221A0B858008F2DC4 /* ButtonState.swift in Sources */,
				75C0E648218E263900C988C5 /* RouteManagerDelegate.swift in Sources */,
				75BE18C221A0B858008F2DC4 /* FooterView.swift in Sources */,
				75BE190C21A0B858008F2DC4 /* RoutePageControllerHandler.swift in Sources */,
				75052ACD213833AE0063AE05 /* APIManager+Errors.swift in Sources */,
				75BE18E621A0B858008F2DC4 /* MapCircle.swift in Sources */,
				75BE190221A0B858008F2DC4 /* RoutePageControlView.swift in Sources */,
				75BE187A21A0B7CF008F2DC4 /* Array.swift in Sources */,
				75BE18EA21A0B858008F2DC4 /* DestinationAnnotation.swift in Sources */,
			);
			runOnlyForDeploymentPostprocessing = 0;
		};
/* End PBXSourcesBuildPhase section */

/* Begin PBXVariantGroup section */
		75C5E9571DBD673700FCE9D0 /* Localizable.strings */ = {
			isa = PBXVariantGroup;
			children = (
				75C5E9561DBD673700FCE9D0 /* Base */,
				75C5E9591DBD675200FCE9D0 /* es */,
			);
			name = Localizable.strings;
			path = Resources;
			sourceTree = "<group>";
		};
/* End PBXVariantGroup section */

/* Begin XCBuildConfiguration section */
		7554E7861DAF16E400F1178C /* Debug */ = {
			isa = XCBuildConfiguration;
			baseConfigurationReference = 752DB9AB21A0EB5A00286042 /* Debug.xcconfig */;
			buildSettings = {
				ALWAYS_SEARCH_USER_PATHS = NO;
				CLANG_ANALYZER_LOCALIZABILITY_NONLOCALIZED = YES;
				CLANG_ANALYZER_NONNULL = YES;
				CLANG_CXX_LANGUAGE_STANDARD = "gnu++0x";
				CLANG_CXX_LIBRARY = "libc++";
				CLANG_ENABLE_MODULES = YES;
				CLANG_ENABLE_OBJC_ARC = YES;
				CLANG_WARN_BLOCK_CAPTURE_AUTORELEASING = YES;
				CLANG_WARN_BOOL_CONVERSION = YES;
				CLANG_WARN_COMMA = YES;
				CLANG_WARN_CONSTANT_CONVERSION = YES;
				CLANG_WARN_DEPRECATED_OBJC_IMPLEMENTATIONS = YES;
				CLANG_WARN_DIRECT_OBJC_ISA_USAGE = YES_ERROR;
				CLANG_WARN_EMPTY_BODY = YES;
				CLANG_WARN_ENUM_CONVERSION = YES;
				CLANG_WARN_INFINITE_RECURSION = YES;
				CLANG_WARN_INT_CONVERSION = YES;
				CLANG_WARN_NON_LITERAL_NULL_CONVERSION = YES;
				CLANG_WARN_OBJC_IMPLICIT_RETAIN_SELF = YES;
				CLANG_WARN_OBJC_LITERAL_CONVERSION = YES;
				CLANG_WARN_OBJC_ROOT_CLASS = YES_ERROR;
				CLANG_WARN_RANGE_LOOP_ANALYSIS = YES;
				CLANG_WARN_STRICT_PROTOTYPES = YES;
				CLANG_WARN_SUSPICIOUS_MOVE = YES;
				CLANG_WARN_UNREACHABLE_CODE = YES;
				CLANG_WARN__DUPLICATE_METHOD_MATCH = YES;
				"CODE_SIGN_IDENTITY[sdk=iphoneos*]" = "iPhone Developer";
				COPY_PHASE_STRIP = NO;
				DEBUG_INFORMATION_FORMAT = dwarf;
				ENABLE_STRICT_OBJC_MSGSEND = YES;
				ENABLE_TESTABILITY = YES;
				GCC_C_LANGUAGE_STANDARD = gnu99;
				GCC_DYNAMIC_NO_PIC = NO;
				GCC_NO_COMMON_BLOCKS = YES;
				GCC_OPTIMIZATION_LEVEL = 0;
				GCC_PREPROCESSOR_DEFINITIONS = (
					"DEBUG=1",
					"$(inherited)",
				);
				GCC_WARN_64_TO_32_BIT_CONVERSION = YES;
				GCC_WARN_ABOUT_RETURN_TYPE = YES_ERROR;
				GCC_WARN_UNDECLARED_SELECTOR = YES;
				GCC_WARN_UNINITIALIZED_AUTOS = YES_AGGRESSIVE;
				GCC_WARN_UNUSED_FUNCTION = YES;
				GCC_WARN_UNUSED_VARIABLE = YES;
				IPHONEOS_DEPLOYMENT_TARGET = 9.3;
				MTL_ENABLE_DEBUG_INFO = YES;
				ONLY_ACTIVE_ARCH = YES;
				SDKROOT = iphoneos;
				SWIFT_OPTIMIZATION_LEVEL = "-Onone";
				SWIFT_VERSION = 4.0;
				TARGETED_DEVICE_FAMILY = "1,2";
			};
			name = Debug;
		};
		7554E7871DAF16E400F1178C /* Release */ = {
			isa = XCBuildConfiguration;
			baseConfigurationReference = 752DB9AC21A0EBC000286042 /* Release.xcconfig */;
			buildSettings = {
				ALWAYS_SEARCH_USER_PATHS = NO;
				CLANG_ANALYZER_LOCALIZABILITY_NONLOCALIZED = YES;
				CLANG_ANALYZER_NONNULL = YES;
				CLANG_CXX_LANGUAGE_STANDARD = "gnu++0x";
				CLANG_CXX_LIBRARY = "libc++";
				CLANG_ENABLE_MODULES = YES;
				CLANG_ENABLE_OBJC_ARC = YES;
				CLANG_WARN_BLOCK_CAPTURE_AUTORELEASING = YES;
				CLANG_WARN_BOOL_CONVERSION = YES;
				CLANG_WARN_COMMA = YES;
				CLANG_WARN_CONSTANT_CONVERSION = YES;
				CLANG_WARN_DEPRECATED_OBJC_IMPLEMENTATIONS = YES;
				CLANG_WARN_DIRECT_OBJC_ISA_USAGE = YES_ERROR;
				CLANG_WARN_EMPTY_BODY = YES;
				CLANG_WARN_ENUM_CONVERSION = YES;
				CLANG_WARN_INFINITE_RECURSION = YES;
				CLANG_WARN_INT_CONVERSION = YES;
				CLANG_WARN_NON_LITERAL_NULL_CONVERSION = YES;
				CLANG_WARN_OBJC_IMPLICIT_RETAIN_SELF = YES;
				CLANG_WARN_OBJC_LITERAL_CONVERSION = YES;
				CLANG_WARN_OBJC_ROOT_CLASS = YES_ERROR;
				CLANG_WARN_RANGE_LOOP_ANALYSIS = YES;
				CLANG_WARN_STRICT_PROTOTYPES = YES;
				CLANG_WARN_SUSPICIOUS_MOVE = YES;
				CLANG_WARN_UNREACHABLE_CODE = YES;
				CLANG_WARN__DUPLICATE_METHOD_MATCH = YES;
				"CODE_SIGN_IDENTITY[sdk=iphoneos*]" = "iPhone Developer";
				COPY_PHASE_STRIP = NO;
				DEBUG_INFORMATION_FORMAT = "dwarf-with-dsym";
				ENABLE_NS_ASSERTIONS = NO;
				ENABLE_STRICT_OBJC_MSGSEND = YES;
				GCC_C_LANGUAGE_STANDARD = gnu99;
				GCC_NO_COMMON_BLOCKS = YES;
				GCC_WARN_64_TO_32_BIT_CONVERSION = YES;
				GCC_WARN_ABOUT_RETURN_TYPE = YES_ERROR;
				GCC_WARN_UNDECLARED_SELECTOR = YES;
				GCC_WARN_UNINITIALIZED_AUTOS = YES_AGGRESSIVE;
				GCC_WARN_UNUSED_FUNCTION = YES;
				GCC_WARN_UNUSED_VARIABLE = YES;
				IPHONEOS_DEPLOYMENT_TARGET = 9.3;
				MTL_ENABLE_DEBUG_INFO = NO;
				SDKROOT = iphoneos;
				SWIFT_COMPILATION_MODE = wholemodule;
				SWIFT_VERSION = 4.0;
				TARGETED_DEVICE_FAMILY = "1,2";
				VALIDATE_PRODUCT = YES;
			};
			name = Release;
		};
		758E10571DBD92D000D872BC /* Debug */ = {
			isa = XCBuildConfiguration;
			baseConfigurationReference = 14962F37B68363BBD1DB2412 /* Pods-BusMedellin.debug.xcconfig */;
			buildSettings = {
				ASSETCATALOG_COMPILER_APPICON_NAME = AppIcon;
				CODE_SIGN_IDENTITY = "iPhone Developer: Kevin Delord (366NMB25XL)";
				CURRENT_PROJECT_VERSION = 5;
				DEBUG_INFORMATION_FORMAT = "dwarf-with-dsym";
				DEVELOPMENT_TEAM = QXY3J9PHW4;
				INFOPLIST_FILE = "$(SRCROOT)/Configuration/BusMedellin-Info.plist";
				IPHONEOS_DEPLOYMENT_TARGET = 9.3;
				LD_RUNPATH_SEARCH_PATHS = "$(inherited) @executable_path/Frameworks";
				PRODUCT_BUNDLE_IDENTIFIER = io.kevindelord.buspaisa;
				PRODUCT_NAME = "$(TARGET_NAME)";
				PROVISIONING_PROFILE_SPECIFIER = "Bus Paisa Alpha AdHoc DEBUG";
				SWIFT_VERSION = 4.2;
			};
			name = Debug;
		};
		758E10581DBD92D000D872BC /* Release */ = {
			isa = XCBuildConfiguration;
			baseConfigurationReference = EC1D87735014DA38EA85466A /* Pods-BusMedellin.release.xcconfig */;
			buildSettings = {
				ASSETCATALOG_COMPILER_APPICON_NAME = AppIcon;
				CODE_SIGN_IDENTITY = "iPhone Distribution: Kevin Delord (QXY3J9PHW4)";
				CURRENT_PROJECT_VERSION = 5;
				DEVELOPMENT_TEAM = QXY3J9PHW4;
				INFOPLIST_FILE = "$(SRCROOT)/Configuration/BusMedellin-Info.plist";
				IPHONEOS_DEPLOYMENT_TARGET = 9.3;
				LD_RUNPATH_SEARCH_PATHS = "$(inherited) @executable_path/Frameworks";
				PRODUCT_BUNDLE_IDENTIFIER = io.kevindelord.buspaisa;
				PRODUCT_NAME = "$(TARGET_NAME)";
				PROVISIONING_PROFILE_SPECIFIER = "Bus Paisa Live AppStore RELEASE";
				SWIFT_VERSION = 4.2;
			};
			name = Release;
		};
/* End XCBuildConfiguration section */

/* Begin XCConfigurationList section */
		7554E7711DAF16E400F1178C /* Build configuration list for PBXProject "BusMedellin" */ = {
			isa = XCConfigurationList;
			buildConfigurations = (
				7554E7861DAF16E400F1178C /* Debug */,
				7554E7871DAF16E400F1178C /* Release */,
			);
			defaultConfigurationIsVisible = 0;
			defaultConfigurationName = Release;
		};
		758E10561DBD92D000D872BC /* Build configuration list for PBXNativeTarget "BusMedellin" */ = {
			isa = XCConfigurationList;
			buildConfigurations = (
				758E10571DBD92D000D872BC /* Debug */,
				758E10581DBD92D000D872BC /* Release */,
			);
			defaultConfigurationIsVisible = 0;
			defaultConfigurationName = Release;
		};
/* End XCConfigurationList section */
	};
	rootObject = 7554E76E1DAF16E400F1178C /* Project object */;
}
